
Microsoft Visual Studio Solution File, Format Version 12.00
# Visual Studio Version 17
VisualStudioVersion = 17.11.35327.3
MinimumVisualStudioVersion = 10.0.40219.1
Project("{8BC9CEB8-8B4A-11D0-8D11-00A0C91BC942}") = "task3", "task3.vcxproj", "{A9C8EA03-2C95-464B-B6FC-E1132E809F9C}"
EndProject
Global
	GlobalSection(SolutionConfigurationPlatforms) = preSolution
		Debug|x64 = Debug|x64
		Debug|x86 = Debug|x86
		Release|x64 = Release|x64
		Release|x86 = Release|x86
	EndGlobalSection
	GlobalSection(ProjectConfigurationPlatforms) = postSolution
		{A9C8EA03-2C95-464B-B6FC-E1132E809F9C}.Debug|x64.ActiveCfg = Debug|x64
		{A9C8EA03-2C95-464B-B6FC-E1132E809F9C}.Debug|x64.Build.0 = Debug|x64
		{A9C8EA03-2C95-464B-B6FC-E1132E809F9C}.Debug|x86.ActiveCfg = Debug|Win32
		{A9C8EA03-2C95-464B-B6FC-E1132E809F9C}.Debug|x86.Build.0 = Debug|Win32
		{A9C8EA03-2C95-464B-B6FC-E1132E809F9C}.Release|x64.ActiveCfg = Release|x64
		{A9C8EA03-2C95-464B-B6FC-E1132E809F9C}.Release|x64.Build.0 = Release|x64
		{A9C8EA03-2C95-464B-B6FC-E1132E809F9C}.Release|x86.ActiveCfg = Release|Win32
		{A9C8EA03-2C95-464B-B6FC-E1132E809F9C}.Release|x86.Build.0 = Release|Win32
	EndGlobalSection
	GlobalSection(SolutionProperties) = preSolution
		HideSolutionNode = FALSE
	EndGlobalSection
	GlobalSection(ExtensibilityGlobals) = postSolution
		SolutionGuid = {FD60E6B9-E2F4-49D2-9575-8007D5C14C42}
	EndGlobalSection
EndGlobal
